// !$*UTF8*$!
{
	archiveVersion = 1;
	classes = {
	};
	objectVersion = 48;
	objects = {

/* Begin PBXBuildFile section */
		F2264AA5211F420E00B9E55C /* ToolsHelper.framework in Frameworks */ = {isa = PBXBuildFile; fileRef = F2264A9C211F420D00B9E55C /* ToolsHelper.framework */; };
		F2264AAE211F420E00B9E55C /* ToolsHelper.h in Headers */ = {isa = PBXBuildFile; fileRef = F2264A9E211F420E00B9E55C /* ToolsHelper.h */; settings = {ATTRIBUTES = (Public, ); }; };
		F2264AB1211F420E00B9E55C /* ToolsHelper.framework in Frameworks */ = {isa = PBXBuildFile; fileRef = F2264A9C211F420D00B9E55C /* ToolsHelper.framework */; };
		F2264AB2211F420E00B9E55C /* ToolsHelper.framework in Embed Frameworks */ = {isa = PBXBuildFile; fileRef = F2264A9C211F420D00B9E55C /* ToolsHelper.framework */; settings = {ATTRIBUTES = (CodeSignOnCopy, RemoveHeadersOnCopy, ); }; };
		F2264ABC211F423600B9E55C /* SourceEditorMethods.h in Headers */ = {isa = PBXBuildFile; fileRef = F2264ABA211F423600B9E55C /* SourceEditorMethods.h */; settings = {ATTRIBUTES = (Public, ); }; };
		F2264ABD211F423600B9E55C /* SourceEditorMethods.m in Sources */ = {isa = PBXBuildFile; fileRef = F2264ABB211F423600B9E55C /* SourceEditorMethods.m */; };
		F2264ABE211F430600B9E55C /* ToolsHelper.framework in Frameworks */ = {isa = PBXBuildFile; fileRef = F2264A9C211F420D00B9E55C /* ToolsHelper.framework */; };
		F2264AC02120502B00B9E55C /* SourceEditorMethodsTests.m in Sources */ = {isa = PBXBuildFile; fileRef = F2264ABF2120502B00B9E55C /* SourceEditorMethodsTests.m */; };
		F2403604210EFDF3005080F8 /* DDHWindow.m in Sources */ = {isa = PBXBuildFile; fileRef = F2403603210EFDF3005080F8 /* DDHWindow.m */; };
		F25194A3210C4D4F000DE64C /* AppDelegate.m in Sources */ = {isa = PBXBuildFile; fileRef = F25194A2210C4D4F000DE64C /* AppDelegate.m */; };
		F25194A6210C4D4F000DE64C /* ViewController.m in Sources */ = {isa = PBXBuildFile; fileRef = F25194A5210C4D4F000DE64C /* ViewController.m */; };
		F25194A8210C4D4F000DE64C /* Assets.xcassets in Resources */ = {isa = PBXBuildFile; fileRef = F25194A7210C4D4F000DE64C /* Assets.xcassets */; };
		F25194AB210C4D4F000DE64C /* Main.storyboard in Resources */ = {isa = PBXBuildFile; fileRef = F25194A9210C4D4F000DE64C /* Main.storyboard */; };
		F25194AE210C4D4F000DE64C /* main.m in Sources */ = {isa = PBXBuildFile; fileRef = F25194AD210C4D4F000DE64C /* main.m */; };
		F25194BC210C4D85000DE64C /* Cocoa.framework in Frameworks */ = {isa = PBXBuildFile; fileRef = F25194BB210C4D85000DE64C /* Cocoa.framework */; };
		F25194C0210C4D86000DE64C /* SourceEditorExtension.m in Sources */ = {isa = PBXBuildFile; fileRef = F25194BF210C4D86000DE64C /* SourceEditorExtension.m */; };
		F25194C3210C4D86000DE64C /* SourceEditorCommand.m in Sources */ = {isa = PBXBuildFile; fileRef = F25194C2210C4D86000DE64C /* SourceEditorCommand.m */; };
		F25194C8210C4D86000DE64C /* Source Tools.appex in Embed App Extensions */ = {isa = PBXBuildFile; fileRef = F25194B9210C4D85000DE64C /* Source Tools.appex */; settings = {ATTRIBUTES = (RemoveHeadersOnCopy, ); }; };
/* End PBXBuildFile section */

/* Begin PBXContainerItemProxy section */
		F2264AA6211F420E00B9E55C /* PBXContainerItemProxy */ = {
			isa = PBXContainerItemProxy;
			containerPortal = F2519496210C4D4F000DE64C /* Project object */;
			proxyType = 1;
			remoteGlobalIDString = F2264A9B211F420D00B9E55C;
			remoteInfo = ToolsHelper;
		};
		F2264AA8211F420E00B9E55C /* PBXContainerItemProxy */ = {
			isa = PBXContainerItemProxy;
			containerPortal = F2519496210C4D4F000DE64C /* Project object */;
			proxyType = 1;
			remoteGlobalIDString = F251949D210C4D4F000DE64C;
			remoteInfo = ObjCTools;
		};
		F2264AAF211F420E00B9E55C /* PBXContainerItemProxy */ = {
			isa = PBXContainerItemProxy;
			containerPortal = F2519496210C4D4F000DE64C /* Project object */;
			proxyType = 1;
			remoteGlobalIDString = F2264A9B211F420D00B9E55C;
			remoteInfo = ToolsHelper;
		};
		F25194C6210C4D86000DE64C /* PBXContainerItemProxy */ = {
			isa = PBXContainerItemProxy;
			containerPortal = F2519496210C4D4F000DE64C /* Project object */;
			proxyType = 1;
			remoteGlobalIDString = F25194B8210C4D85000DE64C;
			remoteInfo = ObjCToolsXcodeExtension;
		};
/* End PBXContainerItemProxy section */

/* Begin PBXCopyFilesBuildPhase section */
		F2264AB8211F420E00B9E55C /* Embed Frameworks */ = {
			isa = PBXCopyFilesBuildPhase;
			buildActionMask = 2147483647;
			dstPath = "";
			dstSubfolderSpec = 10;
			files = (
				F2264AB2211F420E00B9E55C /* ToolsHelper.framework in Embed Frameworks */,
			);
			name = "Embed Frameworks";
			runOnlyForDeploymentPostprocessing = 0;
		};
		F25194CC210C4D86000DE64C /* Embed App Extensions */ = {
			isa = PBXCopyFilesBuildPhase;
			buildActionMask = 2147483647;
			dstPath = "";
			dstSubfolderSpec = 13;
			files = (
				F25194C8210C4D86000DE64C /* Source Tools.appex in Embed App Extensions */,
			);
			name = "Embed App Extensions";
			runOnlyForDeploymentPostprocessing = 0;
		};
/* End PBXCopyFilesBuildPhase section */

/* Begin PBXFileReference section */
		F2264A9C211F420D00B9E55C /* ToolsHelper.framework */ = {isa = PBXFileReference; explicitFileType = wrapper.framework; includeInIndex = 0; path = ToolsHelper.framework; sourceTree = BUILT_PRODUCTS_DIR; };
		F2264A9E211F420E00B9E55C /* ToolsHelper.h */ = {isa = PBXFileReference; lastKnownFileType = sourcecode.c.h; path = ToolsHelper.h; sourceTree = "<group>"; };
		F2264A9F211F420E00B9E55C /* Info.plist */ = {isa = PBXFileReference; lastKnownFileType = text.plist.xml; path = Info.plist; sourceTree = "<group>"; };
		F2264AA4211F420E00B9E55C /* ToolsHelperTests.xctest */ = {isa = PBXFileReference; explicitFileType = wrapper.cfbundle; includeInIndex = 0; path = ToolsHelperTests.xctest; sourceTree = BUILT_PRODUCTS_DIR; };
		F2264AAD211F420E00B9E55C /* Info.plist */ = {isa = PBXFileReference; lastKnownFileType = text.plist.xml; path = Info.plist; sourceTree = "<group>"; };
		F2264ABA211F423600B9E55C /* SourceEditorMethods.h */ = {isa = PBXFileReference; lastKnownFileType = sourcecode.c.h; path = SourceEditorMethods.h; sourceTree = "<group>"; };
		F2264ABB211F423600B9E55C /* SourceEditorMethods.m */ = {isa = PBXFileReference; lastKnownFileType = sourcecode.c.objc; path = SourceEditorMethods.m; sourceTree = "<group>"; };
		F2264ABF2120502B00B9E55C /* SourceEditorMethodsTests.m */ = {isa = PBXFileReference; lastKnownFileType = sourcecode.c.objc; path = SourceEditorMethodsTests.m; sourceTree = "<group>"; };
		F2403602210EFDF3005080F8 /* DDHWindow.h */ = {isa = PBXFileReference; lastKnownFileType = sourcecode.c.h; path = DDHWindow.h; sourceTree = "<group>"; };
		F2403603210EFDF3005080F8 /* DDHWindow.m */ = {isa = PBXFileReference; lastKnownFileType = sourcecode.c.objc; path = DDHWindow.m; sourceTree = "<group>"; };
		F251949E210C4D4F000DE64C /* SourceTools.app */ = {isa = PBXFileReference; explicitFileType = wrapper.application; includeInIndex = 0; path = SourceTools.app; sourceTree = BUILT_PRODUCTS_DIR; };
		F25194A1210C4D4F000DE64C /* AppDelegate.h */ = {isa = PBXFileReference; lastKnownFileType = sourcecode.c.h; path = AppDelegate.h; sourceTree = "<group>"; };
		F25194A2210C4D4F000DE64C /* AppDelegate.m */ = {isa = PBXFileReference; lastKnownFileType = sourcecode.c.objc; path = AppDelegate.m; sourceTree = "<group>"; };
		F25194A4210C4D4F000DE64C /* ViewController.h */ = {isa = PBXFileReference; lastKnownFileType = sourcecode.c.h; path = ViewController.h; sourceTree = "<group>"; };
		F25194A5210C4D4F000DE64C /* ViewController.m */ = {isa = PBXFileReference; lastKnownFileType = sourcecode.c.objc; path = ViewController.m; sourceTree = "<group>"; };
		F25194A7210C4D4F000DE64C /* Assets.xcassets */ = {isa = PBXFileReference; lastKnownFileType = folder.assetcatalog; path = Assets.xcassets; sourceTree = "<group>"; };
		F25194AA210C4D4F000DE64C /* Base */ = {isa = PBXFileReference; lastKnownFileType = file.storyboard; name = Base; path = Base.lproj/Main.storyboard; sourceTree = "<group>"; };
		F25194AC210C4D4F000DE64C /* Info.plist */ = {isa = PBXFileReference; lastKnownFileType = text.plist.xml; path = Info.plist; sourceTree = "<group>"; };
		F25194AD210C4D4F000DE64C /* main.m */ = {isa = PBXFileReference; lastKnownFileType = sourcecode.c.objc; path = main.m; sourceTree = "<group>"; };
		F25194AF210C4D4F000DE64C /* ObjCTools.entitlements */ = {isa = PBXFileReference; lastKnownFileType = text.plist.entitlements; path = ObjCTools.entitlements; sourceTree = "<group>"; };
		F25194B9210C4D85000DE64C /* Source Tools.appex */ = {isa = PBXFileReference; explicitFileType = "wrapper.app-extension"; includeInIndex = 0; path = "Source Tools.appex"; sourceTree = BUILT_PRODUCTS_DIR; };
		F25194BB210C4D85000DE64C /* Cocoa.framework */ = {isa = PBXFileReference; lastKnownFileType = wrapper.framework; name = Cocoa.framework; path = System/Library/Frameworks/Cocoa.framework; sourceTree = SDKROOT; };
		F25194BE210C4D86000DE64C /* SourceEditorExtension.h */ = {isa = PBXFileReference; lastKnownFileType = sourcecode.c.h; path = SourceEditorExtension.h; sourceTree = "<group>"; };
		F25194BF210C4D86000DE64C /* SourceEditorExtension.m */ = {isa = PBXFileReference; lastKnownFileType = sourcecode.c.objc; path = SourceEditorExtension.m; sourceTree = "<group>"; };
		F25194C1210C4D86000DE64C /* SourceEditorCommand.h */ = {isa = PBXFileReference; lastKnownFileType = sourcecode.c.h; path = SourceEditorCommand.h; sourceTree = "<group>"; };
		F25194C2210C4D86000DE64C /* SourceEditorCommand.m */ = {isa = PBXFileReference; lastKnownFileType = sourcecode.c.objc; path = SourceEditorCommand.m; sourceTree = "<group>"; };
		F25194C4210C4D86000DE64C /* Info.plist */ = {isa = PBXFileReference; lastKnownFileType = text.plist.xml; path = Info.plist; sourceTree = "<group>"; };
		F25194C5210C4D86000DE64C /* ObjCToolsXcodeExtension.entitlements */ = {isa = PBXFileReference; lastKnownFileType = text.plist.entitlements; path = ObjCToolsXcodeExtension.entitlements; sourceTree = "<group>"; };
/* End PBXFileReference section */

/* Begin PBXFrameworksBuildPhase section */
		F2264A98211F420D00B9E55C /* Frameworks */ = {
			isa = PBXFrameworksBuildPhase;
			buildActionMask = 2147483647;
			files = (
			);
			runOnlyForDeploymentPostprocessing = 0;
		};
		F2264AA1211F420E00B9E55C /* Frameworks */ = {
			isa = PBXFrameworksBuildPhase;
			buildActionMask = 2147483647;
			files = (
				F2264AA5211F420E00B9E55C /* ToolsHelper.framework in Frameworks */,
			);
			runOnlyForDeploymentPostprocessing = 0;
		};
		F251949B210C4D4F000DE64C /* Frameworks */ = {
			isa = PBXFrameworksBuildPhase;
			buildActionMask = 2147483647;
			files = (
				F2264AB1211F420E00B9E55C /* ToolsHelper.framework in Frameworks */,
			);
			runOnlyForDeploymentPostprocessing = 0;
		};
		F25194B6210C4D85000DE64C /* Frameworks */ = {
			isa = PBXFrameworksBuildPhase;
			buildActionMask = 2147483647;
			files = (
				F2264ABE211F430600B9E55C /* ToolsHelper.framework in Frameworks */,
				F25194BC210C4D85000DE64C /* Cocoa.framework in Frameworks */,
			);
			runOnlyForDeploymentPostprocessing = 0;
		};
/* End PBXFrameworksBuildPhase section */

/* Begin PBXGroup section */
		F2264A9D211F420E00B9E55C /* ToolsHelper */ = {
			isa = PBXGroup;
			children = (
				F2264A9E211F420E00B9E55C /* ToolsHelper.h */,
				F2264A9F211F420E00B9E55C /* Info.plist */,
				F2264ABA211F423600B9E55C /* SourceEditorMethods.h */,
				F2264ABB211F423600B9E55C /* SourceEditorMethods.m */,
			);
			path = ToolsHelper;
			sourceTree = "<group>";
		};
		F2264AAA211F420E00B9E55C /* ToolsHelperTests */ = {
			isa = PBXGroup;
			children = (
				F2264ABF2120502B00B9E55C /* SourceEditorMethodsTests.m */,
				F2264AAD211F420E00B9E55C /* Info.plist */,
			);
			path = ToolsHelperTests;
			sourceTree = "<group>";
		};
		F2519495210C4D4F000DE64C = {
			isa = PBXGroup;
			children = (
				F25194A0210C4D4F000DE64C /* ObjCTools */,
				F25194BD210C4D86000DE64C /* ObjCToolsXcodeExtension */,
				F2264A9D211F420E00B9E55C /* ToolsHelper */,
				F2264AAA211F420E00B9E55C /* ToolsHelperTests */,
				F25194BA210C4D85000DE64C /* Frameworks */,
				F251949F210C4D4F000DE64C /* Products */,
			);
			sourceTree = "<group>";
		};
		F251949F210C4D4F000DE64C /* Products */ = {
			isa = PBXGroup;
			children = (
				F251949E210C4D4F000DE64C /* SourceTools.app */,
				F25194B9210C4D85000DE64C /* Source Tools.appex */,
				F2264A9C211F420D00B9E55C /* ToolsHelper.framework */,
				F2264AA4211F420E00B9E55C /* ToolsHelperTests.xctest */,
			);
			name = Products;
			sourceTree = "<group>";
		};
		F25194A0210C4D4F000DE64C /* ObjCTools */ = {
			isa = PBXGroup;
			children = (
				F25194A1210C4D4F000DE64C /* AppDelegate.h */,
				F25194A2210C4D4F000DE64C /* AppDelegate.m */,
				F2403602210EFDF3005080F8 /* DDHWindow.h */,
				F2403603210EFDF3005080F8 /* DDHWindow.m */,
				F25194A4210C4D4F000DE64C /* ViewController.h */,
				F25194A5210C4D4F000DE64C /* ViewController.m */,
				F25194A7210C4D4F000DE64C /* Assets.xcassets */,
				F25194A9210C4D4F000DE64C /* Main.storyboard */,
				F25194AC210C4D4F000DE64C /* Info.plist */,
				F25194AD210C4D4F000DE64C /* main.m */,
				F25194AF210C4D4F000DE64C /* ObjCTools.entitlements */,
			);
			path = ObjCTools;
			sourceTree = "<group>";
		};
		F25194BA210C4D85000DE64C /* Frameworks */ = {
			isa = PBXGroup;
			children = (
				F25194BB210C4D85000DE64C /* Cocoa.framework */,
			);
			name = Frameworks;
			sourceTree = "<group>";
		};
		F25194BD210C4D86000DE64C /* ObjCToolsXcodeExtension */ = {
			isa = PBXGroup;
			children = (
				F25194BE210C4D86000DE64C /* SourceEditorExtension.h */,
				F25194BF210C4D86000DE64C /* SourceEditorExtension.m */,
				F25194C1210C4D86000DE64C /* SourceEditorCommand.h */,
				F25194C2210C4D86000DE64C /* SourceEditorCommand.m */,
				F25194C4210C4D86000DE64C /* Info.plist */,
				F25194C5210C4D86000DE64C /* ObjCToolsXcodeExtension.entitlements */,
			);
			path = ObjCToolsXcodeExtension;
			sourceTree = "<group>";
		};
/* End PBXGroup section */

/* Begin PBXHeadersBuildPhase section */
		F2264A99211F420D00B9E55C /* Headers */ = {
			isa = PBXHeadersBuildPhase;
			buildActionMask = 2147483647;
			files = (
				F2264AAE211F420E00B9E55C /* ToolsHelper.h in Headers */,
				F2264ABC211F423600B9E55C /* SourceEditorMethods.h in Headers */,
			);
			runOnlyForDeploymentPostprocessing = 0;
		};
/* End PBXHeadersBuildPhase section */

/* Begin PBXNativeTarget section */
		F2264A9B211F420D00B9E55C /* ToolsHelper */ = {
			isa = PBXNativeTarget;
			buildConfigurationList = F2264AB7211F420E00B9E55C /* Build configuration list for PBXNativeTarget "ToolsHelper" */;
			buildPhases = (
				F2264A97211F420D00B9E55C /* Sources */,
				F2264A98211F420D00B9E55C /* Frameworks */,
				F2264A99211F420D00B9E55C /* Headers */,
				F2264A9A211F420D00B9E55C /* Resources */,
			);
			buildRules = (
			);
			dependencies = (
			);
			name = ToolsHelper;
			productName = ToolsHelper;
			productReference = F2264A9C211F420D00B9E55C /* ToolsHelper.framework */;
			productType = "com.apple.product-type.framework";
		};
		F2264AA3211F420E00B9E55C /* ToolsHelperTests */ = {
			isa = PBXNativeTarget;
			buildConfigurationList = F2264AB9211F420E00B9E55C /* Build configuration list for PBXNativeTarget "ToolsHelperTests" */;
			buildPhases = (
				F2264AA0211F420E00B9E55C /* Sources */,
				F2264AA1211F420E00B9E55C /* Frameworks */,
				F2264AA2211F420E00B9E55C /* Resources */,
			);
			buildRules = (
			);
			dependencies = (
				F2264AA7211F420E00B9E55C /* PBXTargetDependency */,
				F2264AA9211F420E00B9E55C /* PBXTargetDependency */,
			);
			name = ToolsHelperTests;
			productName = ToolsHelperTests;
			productReference = F2264AA4211F420E00B9E55C /* ToolsHelperTests.xctest */;
			productType = "com.apple.product-type.bundle.unit-test";
		};
		F251949D210C4D4F000DE64C /* SourceTools */ = {
			isa = PBXNativeTarget;
			buildConfigurationList = F25194B2210C4D4F000DE64C /* Build configuration list for PBXNativeTarget "SourceTools" */;
			buildPhases = (
				F251949A210C4D4F000DE64C /* Sources */,
				F251949B210C4D4F000DE64C /* Frameworks */,
				F251949C210C4D4F000DE64C /* Resources */,
				F25194CC210C4D86000DE64C /* Embed App Extensions */,
				F2264AB8211F420E00B9E55C /* Embed Frameworks */,
			);
			buildRules = (
			);
			dependencies = (
				F25194C7210C4D86000DE64C /* PBXTargetDependency */,
				F2264AB0211F420E00B9E55C /* PBXTargetDependency */,
			);
			name = SourceTools;
			productName = ObjCTools;
			productReference = F251949E210C4D4F000DE64C /* SourceTools.app */;
			productType = "com.apple.product-type.application";
		};
		F25194B8210C4D85000DE64C /* SourceToolsXcodeExtension */ = {
			isa = PBXNativeTarget;
			buildConfigurationList = F25194C9210C4D86000DE64C /* Build configuration list for PBXNativeTarget "SourceToolsXcodeExtension" */;
			buildPhases = (
				F25194B5210C4D85000DE64C /* Sources */,
				F25194B6210C4D85000DE64C /* Frameworks */,
				F25194B7210C4D85000DE64C /* Resources */,
			);
			buildRules = (
			);
			dependencies = (
			);
			name = SourceToolsXcodeExtension;
			productName = ObjCToolsXcodeExtension;
			productReference = F25194B9210C4D85000DE64C /* Source Tools.appex */;
			productType = "com.apple.product-type.xcode-extension";
		};
/* End PBXNativeTarget section */

/* Begin PBXProject section */
		F2519496210C4D4F000DE64C /* Project object */ = {
			isa = PBXProject;
			attributes = {
				LastUpgradeCheck = 1010;
				ORGANIZATIONNAME = dasdom;
				TargetAttributes = {
					F2264A9B211F420D00B9E55C = {
						CreatedOnToolsVersion = 9.1;
						ProvisioningStyle = Automatic;
					};
					F2264AA3211F420E00B9E55C = {
						CreatedOnToolsVersion = 9.1;
						ProvisioningStyle = Automatic;
						TestTargetID = F251949D210C4D4F000DE64C;
					};
					F251949D210C4D4F000DE64C = {
						CreatedOnToolsVersion = 9.1;
						ProvisioningStyle = Automatic;
					};
					F25194B8210C4D85000DE64C = {
						CreatedOnToolsVersion = 9.1;
						ProvisioningStyle = Automatic;
					};
				};
			};
			buildConfigurationList = F2519499210C4D4F000DE64C /* Build configuration list for PBXProject "SourceTools" */;
			compatibilityVersion = "Xcode 8.0";
			developmentRegion = en;
			hasScannedForEncodings = 0;
			knownRegions = (
				en,
				Base,
			);
			mainGroup = F2519495210C4D4F000DE64C;
			productRefGroup = F251949F210C4D4F000DE64C /* Products */;
			projectDirPath = "";
			projectRoot = "";
			targets = (
				F251949D210C4D4F000DE64C /* SourceTools */,
				F25194B8210C4D85000DE64C /* SourceToolsXcodeExtension */,
				F2264A9B211F420D00B9E55C /* ToolsHelper */,
				F2264AA3211F420E00B9E55C /* ToolsHelperTests */,
			);
		};
/* End PBXProject section */

/* Begin PBXResourcesBuildPhase section */
		F2264A9A211F420D00B9E55C /* Resources */ = {
			isa = PBXResourcesBuildPhase;
			buildActionMask = 2147483647;
			files = (
			);
			runOnlyForDeploymentPostprocessing = 0;
		};
		F2264AA2211F420E00B9E55C /* Resources */ = {
			isa = PBXResourcesBuildPhase;
			buildActionMask = 2147483647;
			files = (
			);
			runOnlyForDeploymentPostprocessing = 0;
		};
		F251949C210C4D4F000DE64C /* Resources */ = {
			isa = PBXResourcesBuildPhase;
			buildActionMask = 2147483647;
			files = (
				F25194A8210C4D4F000DE64C /* Assets.xcassets in Resources */,
				F25194AB210C4D4F000DE64C /* Main.storyboard in Resources */,
			);
			runOnlyForDeploymentPostprocessing = 0;
		};
		F25194B7210C4D85000DE64C /* Resources */ = {
			isa = PBXResourcesBuildPhase;
			buildActionMask = 2147483647;
			files = (
			);
			runOnlyForDeploymentPostprocessing = 0;
		};
/* End PBXResourcesBuildPhase section */

/* Begin PBXSourcesBuildPhase section */
		F2264A97211F420D00B9E55C /* Sources */ = {
			isa = PBXSourcesBuildPhase;
			buildActionMask = 2147483647;
			files = (
				F2264ABD211F423600B9E55C /* SourceEditorMethods.m in Sources */,
			);
			runOnlyForDeploymentPostprocessing = 0;
		};
		F2264AA0211F420E00B9E55C /* Sources */ = {
			isa = PBXSourcesBuildPhase;
			buildActionMask = 2147483647;
			files = (
				F2264AC02120502B00B9E55C /* SourceEditorMethodsTests.m in Sources */,
			);
			runOnlyForDeploymentPostprocessing = 0;
		};
		F251949A210C4D4F000DE64C /* Sources */ = {
			isa = PBXSourcesBuildPhase;
			buildActionMask = 2147483647;
			files = (
				F25194A6210C4D4F000DE64C /* ViewController.m in Sources */,
				F25194AE210C4D4F000DE64C /* main.m in Sources */,
				F2403604210EFDF3005080F8 /* DDHWindow.m in Sources */,
				F25194A3210C4D4F000DE64C /* AppDelegate.m in Sources */,
			);
			runOnlyForDeploymentPostprocessing = 0;
		};
		F25194B5210C4D85000DE64C /* Sources */ = {
			isa = PBXSourcesBuildPhase;
			buildActionMask = 2147483647;
			files = (
				F25194C0210C4D86000DE64C /* SourceEditorExtension.m in Sources */,
				F25194C3210C4D86000DE64C /* SourceEditorCommand.m in Sources */,
			);
			runOnlyForDeploymentPostprocessing = 0;
		};
/* End PBXSourcesBuildPhase section */

/* Begin PBXTargetDependency section */
		F2264AA7211F420E00B9E55C /* PBXTargetDependency */ = {
			isa = PBXTargetDependency;
			target = F2264A9B211F420D00B9E55C /* ToolsHelper */;
			targetProxy = F2264AA6211F420E00B9E55C /* PBXContainerItemProxy */;
		};
		F2264AA9211F420E00B9E55C /* PBXTargetDependency */ = {
			isa = PBXTargetDependency;
			target = F251949D210C4D4F000DE64C /* SourceTools */;
			targetProxy = F2264AA8211F420E00B9E55C /* PBXContainerItemProxy */;
		};
		F2264AB0211F420E00B9E55C /* PBXTargetDependency */ = {
			isa = PBXTargetDependency;
			target = F2264A9B211F420D00B9E55C /* ToolsHelper */;
			targetProxy = F2264AAF211F420E00B9E55C /* PBXContainerItemProxy */;
		};
		F25194C7210C4D86000DE64C /* PBXTargetDependency */ = {
			isa = PBXTargetDependency;
			target = F25194B8210C4D85000DE64C /* SourceToolsXcodeExtension */;
			targetProxy = F25194C6210C4D86000DE64C /* PBXContainerItemProxy */;
		};
/* End PBXTargetDependency section */

/* Begin PBXVariantGroup section */
		F25194A9210C4D4F000DE64C /* Main.storyboard */ = {
			isa = PBXVariantGroup;
			children = (
				F25194AA210C4D4F000DE64C /* Base */,
			);
			name = Main.storyboard;
			sourceTree = "<group>";
		};
/* End PBXVariantGroup section */

/* Begin XCBuildConfiguration section */
		F2264AB3211F420E00B9E55C /* Debug */ = {
			isa = XCBuildConfiguration;
			buildSettings = {
				CODE_SIGN_IDENTITY = "";
				CODE_SIGN_STYLE = Automatic;
				COMBINE_HIDPI_IMAGES = YES;
				CURRENT_PROJECT_VERSION = 1;
				DEFINES_MODULE = YES;
				DEVELOPMENT_TEAM = Q6PD97MRX4;
				DYLIB_COMPATIBILITY_VERSION = 1;
				DYLIB_CURRENT_VERSION = 1;
				DYLIB_INSTALL_NAME_BASE = "@rpath";
				FRAMEWORK_VERSION = A;
				INFOPLIST_FILE = ToolsHelper/Info.plist;
				INSTALL_PATH = "$(LOCAL_LIBRARY_DIR)/Frameworks";
				LD_RUNPATH_SEARCH_PATHS = "$(inherited) @executable_path/../Frameworks @loader_path/Frameworks";
				PRODUCT_BUNDLE_IDENTIFIER = de.dasdom.ToolsHelper;
				PRODUCT_NAME = "$(TARGET_NAME:c99extidentifier)";
				SKIP_INSTALL = YES;
				VERSIONING_SYSTEM = "apple-generic";
				VERSION_INFO_PREFIX = "";
			};
			name = Debug;
		};
		F2264AB4211F420E00B9E55C /* Release */ = {
			isa = XCBuildConfiguration;
			buildSettings = {
				CODE_SIGN_IDENTITY = "";
				CODE_SIGN_STYLE = Automatic;
				COMBINE_HIDPI_IMAGES = YES;
				CURRENT_PROJECT_VERSION = 1;
				DEFINES_MODULE = YES;
				DEVELOPMENT_TEAM = Q6PD97MRX4;
				DYLIB_COMPATIBILITY_VERSION = 1;
				DYLIB_CURRENT_VERSION = 1;
				DYLIB_INSTALL_NAME_BASE = "@rpath";
				FRAMEWORK_VERSION = A;
				INFOPLIST_FILE = ToolsHelper/Info.plist;
				INSTALL_PATH = "$(LOCAL_LIBRARY_DIR)/Frameworks";
				LD_RUNPATH_SEARCH_PATHS = "$(inherited) @executable_path/../Frameworks @loader_path/Frameworks";
				PRODUCT_BUNDLE_IDENTIFIER = de.dasdom.ToolsHelper;
				PRODUCT_NAME = "$(TARGET_NAME:c99extidentifier)";
				SKIP_INSTALL = YES;
				VERSIONING_SYSTEM = "apple-generic";
				VERSION_INFO_PREFIX = "";
			};
			name = Release;
		};
		F2264AB5211F420E00B9E55C /* Debug */ = {
			isa = XCBuildConfiguration;
			buildSettings = {
				CODE_SIGN_STYLE = Automatic;
				COMBINE_HIDPI_IMAGES = YES;
				DEVELOPMENT_TEAM = Q6PD97MRX4;
				INFOPLIST_FILE = ToolsHelperTests/Info.plist;
				LD_RUNPATH_SEARCH_PATHS = "$(inherited) @executable_path/../Frameworks @loader_path/../Frameworks";
				PRODUCT_BUNDLE_IDENTIFIER = de.dasdom.ToolsHelperTests;
				PRODUCT_NAME = "$(TARGET_NAME)";
				TEST_HOST = "$(BUILT_PRODUCTS_DIR)/SourceTools.app/Contents/MacOS/SourceTools";
			};
			name = Debug;
		};
		F2264AB6211F420E00B9E55C /* Release */ = {
			isa = XCBuildConfiguration;
			buildSettings = {
				CODE_SIGN_STYLE = Automatic;
				COMBINE_HIDPI_IMAGES = YES;
				DEVELOPMENT_TEAM = Q6PD97MRX4;
				INFOPLIST_FILE = ToolsHelperTests/Info.plist;
				LD_RUNPATH_SEARCH_PATHS = "$(inherited) @executable_path/../Frameworks @loader_path/../Frameworks";
				PRODUCT_BUNDLE_IDENTIFIER = de.dasdom.ToolsHelperTests;
				PRODUCT_NAME = "$(TARGET_NAME)";
				TEST_HOST = "$(BUILT_PRODUCTS_DIR)/SourceTools.app/Contents/MacOS/SourceTools";
			};
			name = Release;
		};
		F25194B0210C4D4F000DE64C /* Debug */ = {
			isa = XCBuildConfiguration;
			buildSettings = {
				ALWAYS_SEARCH_USER_PATHS = NO;
				CLANG_ANALYZER_NONNULL = YES;
				CLANG_ANALYZER_NUMBER_OBJECT_CONVERSION = YES_AGGRESSIVE;
				CLANG_CXX_LANGUAGE_STANDARD = "gnu++14";
				CLANG_CXX_LIBRARY = "libc++";
				CLANG_ENABLE_MODULES = YES;
				CLANG_ENABLE_OBJC_ARC = YES;
				CLANG_WARN_BLOCK_CAPTURE_AUTORELEASING = YES;
				CLANG_WARN_BOOL_CONVERSION = YES;
				CLANG_WARN_COMMA = YES;
				CLANG_WARN_CONSTANT_CONVERSION = YES;
				CLANG_WARN_DEPRECATED_OBJC_IMPLEMENTATIONS = YES;
				CLANG_WARN_DIRECT_OBJC_ISA_USAGE = YES_ERROR;
				CLANG_WARN_DOCUMENTATION_COMMENTS = YES;
				CLANG_WARN_EMPTY_BODY = YES;
				CLANG_WARN_ENUM_CONVERSION = YES;
				CLANG_WARN_INFINITE_RECURSION = YES;
				CLANG_WARN_INT_CONVERSION = YES;
				CLANG_WARN_NON_LITERAL_NULL_CONVERSION = YES;
				CLANG_WARN_OBJC_IMPLICIT_RETAIN_SELF = YES;
				CLANG_WARN_OBJC_LITERAL_CONVERSION = YES;
				CLANG_WARN_OBJC_ROOT_CLASS = YES_ERROR;
				CLANG_WARN_RANGE_LOOP_ANALYSIS = YES;
				CLANG_WARN_STRICT_PROTOTYPES = YES;
				CLANG_WARN_SUSPICIOUS_MOVE = YES;
				CLANG_WARN_UNGUARDED_AVAILABILITY = YES_AGGRESSIVE;
				CLANG_WARN_UNREACHABLE_CODE = YES;
				CLANG_WARN__DUPLICATE_METHOD_MATCH = YES;
				CODE_SIGN_IDENTITY = "Mac Developer";
				COPY_PHASE_STRIP = NO;
				DEBUG_INFORMATION_FORMAT = dwarf;
				ENABLE_STRICT_OBJC_MSGSEND = YES;
				ENABLE_TESTABILITY = YES;
				GCC_C_LANGUAGE_STANDARD = gnu11;
				GCC_DYNAMIC_NO_PIC = NO;
				GCC_NO_COMMON_BLOCKS = YES;
				GCC_OPTIMIZATION_LEVEL = 0;
				GCC_PREPROCESSOR_DEFINITIONS = (
					"DEBUG=1",
					"$(inherited)",
				);
				GCC_WARN_64_TO_32_BIT_CONVERSION = YES;
				GCC_WARN_ABOUT_RETURN_TYPE = YES_ERROR;
				GCC_WARN_UNDECLARED_SELECTOR = YES;
				GCC_WARN_UNINITIALIZED_AUTOS = YES_AGGRESSIVE;
				GCC_WARN_UNUSED_FUNCTION = YES;
				GCC_WARN_UNUSED_VARIABLE = YES;
				MACOSX_DEPLOYMENT_TARGET = 10.12;
				MTL_ENABLE_DEBUG_INFO = YES;
				ONLY_ACTIVE_ARCH = YES;
				SDKROOT = macosx;
			};
			name = Debug;
		};
		F25194B1210C4D4F000DE64C /* Release */ = {
			isa = XCBuildConfiguration;
			buildSettings = {
				ALWAYS_SEARCH_USER_PATHS = NO;
				CLANG_ANALYZER_NONNULL = YES;
				CLANG_ANALYZER_NUMBER_OBJECT_CONVERSION = YES_AGGRESSIVE;
				CLANG_CXX_LANGUAGE_STANDARD = "gnu++14";
				CLANG_CXX_LIBRARY = "libc++";
				CLANG_ENABLE_MODULES = YES;
				CLANG_ENABLE_OBJC_ARC = YES;
				CLANG_WARN_BLOCK_CAPTURE_AUTORELEASING = YES;
				CLANG_WARN_BOOL_CONVERSION = YES;
				CLANG_WARN_COMMA = YES;
				CLANG_WARN_CONSTANT_CONVERSION = YES;
				CLANG_WARN_DEPRECATED_OBJC_IMPLEMENTATIONS = YES;
				CLANG_WARN_DIRECT_OBJC_ISA_USAGE = YES_ERROR;
				CLANG_WARN_DOCUMENTATION_COMMENTS = YES;
				CLANG_WARN_EMPTY_BODY = YES;
				CLANG_WARN_ENUM_CONVERSION = YES;
				CLANG_WARN_INFINITE_RECURSION = YES;
				CLANG_WARN_INT_CONVERSION = YES;
				CLANG_WARN_NON_LITERAL_NULL_CONVERSION = YES;
				CLANG_WARN_OBJC_IMPLICIT_RETAIN_SELF = YES;
				CLANG_WARN_OBJC_LITERAL_CONVERSION = YES;
				CLANG_WARN_OBJC_ROOT_CLASS = YES_ERROR;
				CLANG_WARN_RANGE_LOOP_ANALYSIS = YES;
				CLANG_WARN_STRICT_PROTOTYPES = YES;
				CLANG_WARN_SUSPICIOUS_MOVE = YES;
				CLANG_WARN_UNGUARDED_AVAILABILITY = YES_AGGRESSIVE;
				CLANG_WARN_UNREACHABLE_CODE = YES;
				CLANG_WARN__DUPLICATE_METHOD_MATCH = YES;
				CODE_SIGN_IDENTITY = "Mac Developer";
				COPY_PHASE_STRIP = NO;
				DEBUG_INFORMATION_FORMAT = "dwarf-with-dsym";
				ENABLE_NS_ASSERTIONS = NO;
				ENABLE_STRICT_OBJC_MSGSEND = YES;
				GCC_C_LANGUAGE_STANDARD = gnu11;
				GCC_NO_COMMON_BLOCKS = YES;
				GCC_WARN_64_TO_32_BIT_CONVERSION = YES;
				GCC_WARN_ABOUT_RETURN_TYPE = YES_ERROR;
				GCC_WARN_UNDECLARED_SELECTOR = YES;
				GCC_WARN_UNINITIALIZED_AUTOS = YES_AGGRESSIVE;
				GCC_WARN_UNUSED_FUNCTION = YES;
				GCC_WARN_UNUSED_VARIABLE = YES;
				MACOSX_DEPLOYMENT_TARGET = 10.12;
				MTL_ENABLE_DEBUG_INFO = NO;
				SDKROOT = macosx;
			};
			name = Release;
		};
		F25194B3210C4D4F000DE64C /* Debug */ = {
			isa = XCBuildConfiguration;
			buildSettings = {
				ASSETCATALOG_COMPILER_APPICON_NAME = AppIcon;
				CODE_SIGN_ENTITLEMENTS = ObjCTools/ObjCTools.entitlements;
				CODE_SIGN_STYLE = Automatic;
				COMBINE_HIDPI_IMAGES = YES;
				DEVELOPMENT_TEAM = R8XXQFTA4C;
				INFOPLIST_FILE = ObjCTools/Info.plist;
				LD_RUNPATH_SEARCH_PATHS = "$(inherited) @executable_path/../Frameworks";
				MACOSX_DEPLOYMENT_TARGET = 10.13;
				PRODUCT_BUNDLE_IDENTIFIER = de.dasdom.ObjCTools;
				PRODUCT_NAME = "$(TARGET_NAME)";
			};
			name = Debug;
		};
		F25194B4210C4D4F000DE64C /* Release */ = {
			isa = XCBuildConfiguration;
			buildSettings = {
				ASSETCATALOG_COMPILER_APPICON_NAME = AppIcon;
				CODE_SIGN_ENTITLEMENTS = ObjCTools/ObjCTools.entitlements;
				CODE_SIGN_STYLE = Automatic;
				COMBINE_HIDPI_IMAGES = YES;
				DEVELOPMENT_TEAM = R8XXQFTA4C;
				INFOPLIST_FILE = ObjCTools/Info.plist;
				LD_RUNPATH_SEARCH_PATHS = "$(inherited) @executable_path/../Frameworks";
				MACOSX_DEPLOYMENT_TARGET = 10.13;
				PRODUCT_BUNDLE_IDENTIFIER = de.dasdom.ObjCTools;
				PRODUCT_NAME = "$(TARGET_NAME)";
			};
			name = Release;
		};
		F25194CA210C4D86000DE64C /* Debug */ = {
			isa = XCBuildConfiguration;
			buildSettings = {
				CODE_SIGN_ENTITLEMENTS = ObjCToolsXcodeExtension/ObjCToolsXcodeExtension.entitlements;
				CODE_SIGN_STYLE = Automatic;
				COMBINE_HIDPI_IMAGES = YES;
				DEVELOPMENT_TEAM = R8XXQFTA4C;
				INFOPLIST_FILE = ObjCToolsXcodeExtension/Info.plist;
				LD_RUNPATH_SEARCH_PATHS = "$(inherited) @executable_path/../Frameworks @executable_path/../../../../Frameworks";
				MACOSX_DEPLOYMENT_TARGET = 10.13;
				PRODUCT_BUNDLE_IDENTIFIER = de.dasdom.ObjCTools.ObjCToolsXcodeExtension;
				PRODUCT_NAME = "Source Tools";
				SKIP_INSTALL = YES;
			};
			name = Debug;
		};
		F25194CB210C4D86000DE64C /* Release */ = {
			isa = XCBuildConfiguration;
			buildSettings = {
				CODE_SIGN_ENTITLEMENTS = ObjCToolsXcodeExtension/ObjCToolsXcodeExtension.entitlements;
				CODE_SIGN_STYLE = Automatic;
				COMBINE_HIDPI_IMAGES = YES;
				DEVELOPMENT_TEAM = R8XXQFTA4C;
				INFOPLIST_FILE = ObjCToolsXcodeExtension/Info.plist;
				LD_RUNPATH_SEARCH_PATHS = "$(inherited) @executable_path/../Frameworks @executable_path/../../../../Frameworks";
				MACOSX_DEPLOYMENT_TARGET = 10.13;
				PRODUCT_BUNDLE_IDENTIFIER = de.dasdom.ObjCTools.ObjCToolsXcodeExtension;
				PRODUCT_NAME = "Source Tools";
				SKIP_INSTALL = YES;
			};
			name = Release;
		};
/* End XCBuildConfiguration section */

/* Begin XCConfigurationList section */
		F2264AB7211F420E00B9E55C /* Build configuration list for PBXNativeTarget "ToolsHelper" */ = {
			isa = XCConfigurationList;
			buildConfigurations = (
				F2264AB3211F420E00B9E55C /* Debug */,
				F2264AB4211F420E00B9E55C /* Release */,
			);
			defaultConfigurationIsVisible = 0;
			defaultConfigurationName = Release;
		};
		F2264AB9211F420E00B9E55C /* Build configuration list for PBXNativeTarget "ToolsHelperTests" */ = {
			isa = XCConfigurationList;
			buildConfigurations = (
				F2264AB5211F420E00B9E55C /* Debug */,
				F2264AB6211F420E00B9E55C /* Release */,
			);
			defaultConfigurationIsVisible = 0;
			defaultConfigurationName = Release;
		};
		F2519499210C4D4F000DE64C /* Build configuration list for PBXProject "SourceTools" */ = {
			isa = XCConfigurationList;
			buildConfigurations = (
				F25194B0210C4D4F000DE64C /* Debug */,
				F25194B1210C4D4F000DE64C /* Release */,
			);
			defaultConfigurationIsVisible = 0;
			defaultConfigurationName = Release;
		};
		F25194B2210C4D4F000DE64C /* Build configuration list for PBXNativeTarget "SourceTools" */ = {
			isa = XCConfigurationList;
			buildConfigurations = (
				F25194B3210C4D4F000DE64C /* Debug */,
				F25194B4210C4D4F000DE64C /* Release */,
			);
			defaultConfigurationIsVisible = 0;
			defaultConfigurationName = Release;
		};
		F25194C9210C4D86000DE64C /* Build configuration list for PBXNativeTarget "SourceToolsXcodeExtension" */ = {
			isa = XCConfigurationList;
			buildConfigurations = (
				F25194CA210C4D86000DE64C /* Debug */,
				F25194CB210C4D86000DE64C /* Release */,
			);
			defaultConfigurationIsVisible = 0;
			defaultConfigurationName = Release;
		};
/* End XCConfigurationList section */
	};
	rootObject = F2519496210C4D4F000DE64C /* Project object */;
}
